
Microsoft Visual Studio Solution File, Format Version 12.00
# Visual Studio 15
VisualStudioVersion = 15.0.27703.2047
MinimumVisualStudioVersion = 10.0.40219.1
Project("{2150E333-8FDC-42A3-9474-1A3956D46DE8}") = "src", "src", "{50CFED7A-6482-4F20-AA63-D9636DD7D5C1}"
EndProject
Project("{2150E333-8FDC-42A3-9474-1A3956D46DE8}") = "test", "test", "{CF78834E-5467-400E-A73C-97C5FD601F86}"
EndProject
Project("{9A19103F-16F7-4668-BE54-9A1E7A4F7556}") = "DependencyInjection.XmlExtensions", "DependencyInjection.XmlExtensions\DependencyInjection.XmlExtensions.csproj", "{4277145F-E431-4A9C-BB5F-55DD29755368}"
EndProject
Project("{FAE04EC0-301F-11D3-BF4B-00C04F79EFBC}") = "XmlExtensions.Test", "XmlInterpreterTest\XmlExtensions.Test.csproj", "{D9F70D5C-9C6A-424B-BEB0-B9050E2CB151}"
EndProject
Project("{2150E333-8FDC-42A3-9474-1A3956D46DE8}") = "Solution Items", "Solution Items", "{B429AF63-127C-4D40-9641-CFCB342D7345}"
	ProjectSection(SolutionItems) = preProject
		README.md = README.md
	EndProjectSection
EndProject
Global
	GlobalSection(SolutionConfigurationPlatforms) = preSolution
		Debug|Any CPU = Debug|Any CPU
		Release|Any CPU = Release|Any CPU
	EndGlobalSection
	GlobalSection(ProjectConfigurationPlatforms) = postSolution
		{4277145F-E431-4A9C-BB5F-55DD29755368}.Debug|Any CPU.ActiveCfg = Debug|Any CPU
		{4277145F-E431-4A9C-BB5F-55DD29755368}.Debug|Any CPU.Build.0 = Debug|Any CPU
		{4277145F-E431-4A9C-BB5F-55DD29755368}.Release|Any CPU.ActiveCfg = Release|Any CPU
		{4277145F-E431-4A9C-BB5F-55DD29755368}.Release|Any CPU.Build.0 = Release|Any CPU
		{D9F70D5C-9C6A-424B-BEB0-B9050E2CB151}.Debug|Any CPU.ActiveCfg = Debug|Any CPU
		{D9F70D5C-9C6A-424B-BEB0-B9050E2CB151}.Debug|Any CPU.Build.0 = Debug|Any CPU
		{D9F70D5C-9C6A-424B-BEB0-B9050E2CB151}.Release|Any CPU.ActiveCfg = Release|Any CPU
		{D9F70D5C-9C6A-424B-BEB0-B9050E2CB151}.Release|Any CPU.Build.0 = Release|Any CPU
	EndGlobalSection
	GlobalSection(SolutionProperties) = preSolution
		HideSolutionNode = FALSE
	EndGlobalSection
	GlobalSection(NestedProjects) = preSolution
		{4277145F-E431-4A9C-BB5F-55DD29755368} = {50CFED7A-6482-4F20-AA63-D9636DD7D5C1}
		{D9F70D5C-9C6A-424B-BEB0-B9050E2CB151} = {CF78834E-5467-400E-A73C-97C5FD601F86}
	EndGlobalSection
	GlobalSection(ExtensibilityGlobals) = postSolution
		SolutionGuid = {8D79C43C-0A62-4DCF-86B6-0FC128AB998A}
	EndGlobalSection
EndGlobal
